
Microsoft Visual Studio Solution File, Format Version 12.00
# Visual Studio Version 16
VisualStudioVersion = 16.0.29905.134
MinimumVisualStudioVersion = 10.0.40219.1
Project("{FAE04EC0-301F-11D3-BF4B-00C04F79EFBC}") = "Scale.RetryHelper", "Scale.RetryHelper.csproj", "{1CF8EE44-037B-4FF7-AAC7-EB18319A64C0}"
EndProject
Global
	GlobalSection(SolutionConfigurationPlatforms) = preSolution
		Debug|Any CPU = Debug|Any CPU
		Release|Any CPU = Release|Any CPU
	EndGlobalSection
	GlobalSection(ProjectConfigurationPlatforms) = postSolution
		{1CF8EE44-037B-4FF7-AAC7-EB18319A64C0}.Debug|Any CPU.ActiveCfg = Debug|Any CPU
		{1CF8EE44-037B-4FF7-AAC7-EB18319A64C0}.Debug|Any CPU.Build.0 = Debug|Any CPU
		{1CF8EE44-037B-4FF7-AAC7-EB18319A64C0}.Release|Any CPU.ActiveCfg = Release|Any CPU
		{1CF8EE44-037B-4FF7-AAC7-EB18319A64C0}.Release|Any CPU.Build.0 = Release|Any CPU
	EndGlobalSection
	GlobalSection(SolutionProperties) = preSolution
		HideSolutionNode = FALSE
	EndGlobalSection
	GlobalSection(ExtensibilityGlobals) = postSolution
		SolutionGuid = {7B38A65E-A3EF-4D9B-8C69-5DE3B9DAAEA9}
	EndGlobalSection
EndGlobal
